// !$*UTF8*$!
{
	archiveVersion = 1;
	classes = {
	};
	objectVersion = 50;
	objects = {

/* Begin PBXBuildFile section */
		D4343D3827F5FFB1002619D2 /* AppDelegate.swift in Sources */ = {isa = PBXBuildFile; fileRef = D4343D3727F5FFB1002619D2 /* AppDelegate.swift */; };
		D4343D4127F5FFBF002619D2 /* Assets.xcassets in Resources */ = {isa = PBXBuildFile; fileRef = D4343D4027F5FFBF002619D2 /* Assets.xcassets */; };
		D4343D4427F5FFBF002619D2 /* LaunchScreen.storyboard in Resources */ = {isa = PBXBuildFile; fileRef = D4343D4227F5FFBF002619D2 /* LaunchScreen.storyboard */; };
		D4343D5227F60076002619D2 /* LaunchViewController.swift in Sources */ = {isa = PBXBuildFile; fileRef = D4343D5027F60076002619D2 /* LaunchViewController.swift */; };
		D4343D5327F60076002619D2 /* LaunchViewController.xib in Resources */ = {isa = PBXBuildFile; fileRef = D4343D5127F60076002619D2 /* LaunchViewController.xib */; };
/* End PBXBuildFile section */

/* Begin PBXFileReference section */
		D4343D3427F5FFB1002619D2 /* Ikea.app */ = {isa = PBXFileReference; explicitFileType = wrapper.application; includeInIndex = 0; path = Ikea.app; sourceTree = BUILT_PRODUCTS_DIR; };
		D4343D3727F5FFB1002619D2 /* AppDelegate.swift */ = {isa = PBXFileReference; lastKnownFileType = sourcecode.swift; path = AppDelegate.swift; sourceTree = "<group>"; };
		D4343D4027F5FFBF002619D2 /* Assets.xcassets */ = {isa = PBXFileReference; lastKnownFileType = folder.assetcatalog; path = Assets.xcassets; sourceTree = "<group>"; };
		D4343D4327F5FFBF002619D2 /* Base */ = {isa = PBXFileReference; lastKnownFileType = file.storyboard; name = Base; path = Base.lproj/LaunchScreen.storyboard; sourceTree = "<group>"; };
		D4343D4527F5FFBF002619D2 /* Info.plist */ = {isa = PBXFileReference; lastKnownFileType = text.plist.xml; path = Info.plist; sourceTree = "<group>"; };
		D4343D5027F60076002619D2 /* LaunchViewController.swift */ = {isa = PBXFileReference; lastKnownFileType = sourcecode.swift; path = LaunchViewController.swift; sourceTree = "<group>"; };
		D4343D5127F60076002619D2 /* LaunchViewController.xib */ = {isa = PBXFileReference; lastKnownFileType = file.xib; path = LaunchViewController.xib; sourceTree = "<group>"; };
/* End PBXFileReference section */

/* Begin PBXFrameworksBuildPhase section */
		D4343D3127F5FFB1002619D2 /* Frameworks */ = {
			isa = PBXFrameworksBuildPhase;
			buildActionMask = 2147483647;
			files = (
			);
			runOnlyForDeploymentPostprocessing = 0;
		};
/* End PBXFrameworksBuildPhase section */

/* Begin PBXGroup section */
		D4343D2B27F5FFB1002619D2 = {
			isa = PBXGroup;
			children = (
				D4343D3627F5FFB1002619D2 /* Ikea */,
				D4343D3527F5FFB1002619D2 /* Products */,
			);
			sourceTree = "<group>";
		};
		D4343D3527F5FFB1002619D2 /* Products */ = {
			isa = PBXGroup;
			children = (
				D4343D3427F5FFB1002619D2 /* Ikea.app */,
			);
			name = Products;
			sourceTree = "<group>";
		};
		D4343D3627F5FFB1002619D2 /* Ikea */ = {
			isa = PBXGroup;
			children = (
				D4343D4F27F60010002619D2 /* Cells */,
				D4343D4E27F60003002619D2 /* Model */,
				D4343D4D27F5FFEF002619D2 /* Controllers */,
				D4343D4B27F5FFCB002619D2 /* AppUtilis */,
				D4343D3727F5FFB1002619D2 /* AppDelegate.swift */,
				D4343D4527F5FFBF002619D2 /* Info.plist */,
			);
			path = Ikea;
			sourceTree = "<group>";
		};
		D4343D4B27F5FFCB002619D2 /* AppUtilis */ = {
			isa = PBXGroup;
			children = (
				D4343D4227F5FFBF002619D2 /* LaunchScreen.storyboard */,
				D4343D4027F5FFBF002619D2 /* Assets.xcassets */,
			);
			path = AppUtilis;
			sourceTree = "<group>";
		};
		D4343D4D27F5FFEF002619D2 /* Controllers */ = {
			isa = PBXGroup;
			children = (
				D4343D5027F60076002619D2 /* LaunchViewController.swift */,
				D4343D5127F60076002619D2 /* LaunchViewController.xib */,
			);
			path = Controllers;
			sourceTree = "<group>";
		};
		D4343D4E27F60003002619D2 /* Model */ = {
			isa = PBXGroup;
			children = (
			);
			path = Model;
			sourceTree = "<group>";
		};
		D4343D4F27F60010002619D2 /* Cells */ = {
			isa = PBXGroup;
			children = (
			);
			path = Cells;
			sourceTree = "<group>";
		};
/* End PBXGroup section */

/* Begin PBXNativeTarget section */
		D4343D3327F5FFB1002619D2 /* Ikea */ = {
			isa = PBXNativeTarget;
			buildConfigurationList = D4343D4827F5FFBF002619D2 /* Build configuration list for PBXNativeTarget "Ikea" */;
			buildPhases = (
				D4343D3027F5FFB1002619D2 /* Sources */,
				D4343D3127F5FFB1002619D2 /* Frameworks */,
				D4343D3227F5FFB1002619D2 /* Resources */,
			);
			buildRules = (
			);
			dependencies = (
			);
			name = Ikea;
			productName = Ikea;
			productReference = D4343D3427F5FFB1002619D2 /* Ikea.app */;
			productType = "com.apple.product-type.application";
		};
/* End PBXNativeTarget section */

/* Begin PBXProject section */
		D4343D2C27F5FFB1002619D2 /* Project object */ = {
			isa = PBXProject;
			attributes = {
				LastSwiftUpdateCheck = 1240;
				LastUpgradeCheck = 1240;
				TargetAttributes = {
					D4343D3327F5FFB1002619D2 = {
						CreatedOnToolsVersion = 12.4;
					};
				};
			};
			buildConfigurationList = D4343D2F27F5FFB1002619D2 /* Build configuration list for PBXProject "Ikea" */;
			compatibilityVersion = "Xcode 9.3";
			developmentRegion = en;
			hasScannedForEncodings = 0;
			knownRegions = (
				en,
				Base,
			);
			mainGroup = D4343D2B27F5FFB1002619D2;
			productRefGroup = D4343D3527F5FFB1002619D2 /* Products */;
			projectDirPath = "";
			projectRoot = "";
			targets = (
				D4343D3327F5FFB1002619D2 /* Ikea */,
			);
		};
/* End PBXProject section */

/* Begin PBXResourcesBuildPhase section */
		D4343D3227F5FFB1002619D2 /* Resources */ = {
			isa = PBXResourcesBuildPhase;
			buildActionMask = 2147483647;
			files = (
				D4343D4427F5FFBF002619D2 /* LaunchScreen.storyboard in Resources */,
				D4343D4127F5FFBF002619D2 /* Assets.xcassets in Resources */,
				D4343D5327F60076002619D2 /* LaunchViewController.xib in Resources */,
			);
			runOnlyForDeploymentPostprocessing = 0;
		};
/* End PBXResourcesBuildPhase section */

/* Begin PBXSourcesBuildPhase section */
		D4343D3027F5FFB1002619D2 /* Sources */ = {
			isa = PBXSourcesBuildPhase;
			buildActionMask = 2147483647;
			files = (
				D4343D3827F5FFB1002619D2 /* AppDelegate.swift in Sources */,
				D4343D5227F60076002619D2 /* LaunchViewController.swift in Sources */,
			);
			runOnlyForDeploymentPostprocessing = 0;
		};
/* End PBXSourcesBuildPhase section */

/* Begin PBXVariantGroup section */
		D4343D4227F5FFBF002619D2 /* LaunchScreen.storyboard */ = {
			isa = PBXVariantGroup;
			children = (
				D4343D4327F5FFBF002619D2 /* Base */,
			);
			name = LaunchScreen.storyboard;
			sourceTree = "<group>";
		};
/* End PBXVariantGroup section */

/* Begin XCBuildConfiguration section */
		D4343D4627F5FFBF002619D2 /* Debug */ = {
			isa = XCBuildConfiguration;
			buildSettings = {
				ALWAYS_SEARCH_USER_PATHS = NO;
				CLANG_ANALYZER_NONNULL = YES;
				CLANG_ANALYZER_NUMBER_OBJECT_CONVERSION = YES_AGGRESSIVE;
				CLANG_CXX_LANGUAGE_STANDARD = "gnu++14";
				CLANG_CXX_LIBRARY = "libc++";
				CLANG_ENABLE_MODULES = YES;
				CLANG_ENABLE_OBJC_ARC = YES;
				CLANG_ENABLE_OBJC_WEAK = YES;
				CLANG_WARN_BLOCK_CAPTURE_AUTORELEASING = YES;
				CLANG_WARN_BOOL_CONVERSION = YES;
				CLANG_WARN_COMMA = YES;
				CLANG_WARN_CONSTANT_CONVERSION = YES;
				CLANG_WARN_DEPRECATED_OBJC_IMPLEMENTATIONS = YES;
				CLANG_WARN_DIRECT_OBJC_ISA_USAGE = YES_ERROR;
				CLANG_WARN_DOCUMENTATION_COMMENTS = YES;
				CLANG_WARN_EMPTY_BODY = YES;
				CLANG_WARN_ENUM_CONVERSION = YES;
				CLANG_WARN_INFINITE_RECURSION = YES;
				CLANG_WARN_INT_CONVERSION = YES;
				CLANG_WARN_NON_LITERAL_NULL_CONVERSION = YES;
				CLANG_WARN_OBJC_IMPLICIT_RETAIN_SELF = YES;
				CLANG_WARN_OBJC_LITERAL_CONVERSION = YES;
				CLANG_WARN_OBJC_ROOT_CLASS = YES_ERROR;
				CLANG_WARN_QUOTED_INCLUDE_IN_FRAMEWORK_HEADER = YES;
				CLANG_WARN_RANGE_LOOP_ANALYSIS = YES;
				CLANG_WARN_STRICT_PROTOTYPES = YES;
				CLANG_WARN_SUSPICIOUS_MOVE = YES;
				CLANG_WARN_UNGUARDED_AVAILABILITY = YES_AGGRESSIVE;
				CLANG_WARN_UNREACHABLE_CODE = YES;
				CLANG_WARN__DUPLICATE_METHOD_MATCH = YES;
				COPY_PHASE_STRIP = NO;
				DEBUG_INFORMATION_FORMAT = dwarf;
				ENABLE_STRICT_OBJC_MSGSEND = YES;
				ENABLE_TESTABILITY = YES;
				GCC_C_LANGUAGE_STANDARD = gnu11;
				GCC_DYNAMIC_NO_PIC = NO;
				GCC_NO_COMMON_BLOCKS = YES;
				GCC_OPTIMIZATION_LEVEL = 0;
				GCC_PREPROCESSOR_DEFINITIONS = (
					"DEBUG=1",
					"$(inherited)",
				);
				GCC_WARN_64_TO_32_BIT_CONVERSION = YES;
				GCC_WARN_ABOUT_RETURN_TYPE = YES_ERROR;
				GCC_WARN_UNDECLARED_SELECTOR = YES;
				GCC_WARN_UNINITIALIZED_AUTOS = YES_AGGRESSIVE;
				GCC_WARN_UNUSED_FUNCTION = YES;
				GCC_WARN_UNUSED_VARIABLE = YES;
				IPHONEOS_DEPLOYMENT_TARGET = 14.4;
				MTL_ENABLE_DEBUG_INFO = INCLUDE_SOURCE;
				MTL_FAST_MATH = YES;
				ONLY_ACTIVE_ARCH = YES;
				SDKROOT = iphoneos;
				SWIFT_ACTIVE_COMPILATION_CONDITIONS = DEBUG;
				SWIFT_OPTIMIZATION_LEVEL = "-Onone";
			};
			name = Debug;
		};
		D4343D4727F5FFBF002619D2 /* Release */ = {
			isa = XCBuildConfiguration;
			buildSettings = {
				ALWAYS_SEARCH_USER_PATHS = NO;
				CLANG_ANALYZER_NONNULL = YES;
				CLANG_ANALYZER_NUMBER_OBJECT_CONVERSION = YES_AGGRESSIVE;
				CLANG_CXX_LANGUAGE_STANDARD = "gnu++14";
				CLANG_CXX_LIBRARY = "libc++";
				CLANG_ENABLE_MODULES = YES;
				CLANG_ENABLE_OBJC_ARC = YES;
				CLANG_ENABLE_OBJC_WEAK = YES;
				CLANG_WARN_BLOCK_CAPTURE_AUTORELEASING = YES;
				CLANG_WARN_BOOL_CONVERSION = YES;
				CLANG_WARN_COMMA = YES;
				CLANG_WARN_CONSTANT_CONVERSION = YES;
				CLANG_WARN_DEPRECATED_OBJC_IMPLEMENTATIONS = YES;
				CLANG_WARN_DIRECT_OBJC_ISA_USAGE = YES_ERROR;
				CLANG_WARN_DOCUMENTATION_COMMENTS = YES;
				CLANG_WARN_EMPTY_BODY = YES;
				CLANG_WARN_ENUM_CONVERSION = YES;
				CLANG_WARN_INFINITE_RECURSION = YES;
				CLANG_WARN_INT_CONVERSION = YES;
				CLANG_WARN_NON_LITERAL_NULL_CONVERSION = YES;
				CLANG_WARN_OBJC_IMPLICIT_RETAIN_SELF = YES;
				CLANG_WARN_OBJC_LITERAL_CONVERSION = YES;
				CLANG_WARN_OBJC_ROOT_CLASS = YES_ERROR;
				CLANG_WARN_QUOTED_INCLUDE_IN_FRAMEWORK_HEADER = YES;
				CLANG_WARN_RANGE_LOOP_ANALYSIS = YES;
				CLANG_WARN_STRICT_PROTOTYPES = YES;
				CLANG_WARN_SUSPICIOUS_MOVE = YES;
				CLANG_WARN_UNGUARDED_AVAILABILITY = YES_AGGRESSIVE;
				CLANG_WARN_UNREACHABLE_CODE = YES;
				CLANG_WARN__DUPLICATE_METHOD_MATCH = YES;
				COPY_PHASE_STRIP = NO;
				DEBUG_INFORMATION_FORMAT = "dwarf-with-dsym";
				ENABLE_NS_ASSERTIONS = NO;
				ENABLE_STRICT_OBJC_MSGSEND = YES;
				GCC_C_LANGUAGE_STANDARD = gnu11;
				GCC_NO_COMMON_BLOCKS = YES;
				GCC_WARN_64_TO_32_BIT_CONVERSION = YES;
				GCC_WARN_ABOUT_RETURN_TYPE = YES_ERROR;
				GCC_WARN_UNDECLARED_SELECTOR = YES;
				GCC_WARN_UNINITIALIZED_AUTOS = YES_AGGRESSIVE;
				GCC_WARN_UNUSED_FUNCTION = YES;
				GCC_WARN_UNUSED_VARIABLE = YES;
				IPHONEOS_DEPLOYMENT_TARGET = 14.4;
				MTL_ENABLE_DEBUG_INFO = NO;
				MTL_FAST_MATH = YES;
				SDKROOT = iphoneos;
				SWIFT_COMPILATION_MODE = wholemodule;
				SWIFT_OPTIMIZATION_LEVEL = "-O";
				VALIDATE_PRODUCT = YES;
			};
			name = Release;
		};
		D4343D4927F5FFBF002619D2 /* Debug */ = {
			isa = XCBuildConfiguration;
			buildSettings = {
				ASSETCATALOG_COMPILER_APPICON_NAME = AppIcon;
				ASSETCATALOG_COMPILER_GLOBAL_ACCENT_COLOR_NAME = AccentColor;
				CODE_SIGN_STYLE = Automatic;
				DEVELOPMENT_TEAM = HFBB6GBVXZ;
				INFOPLIST_FILE = Ikea/Info.plist;
				LD_RUNPATH_SEARCH_PATHS = (
					"$(inherited)",
					"@executable_path/Frameworks",
				);
				PRODUCT_BUNDLE_IDENTIFIER = Time.Ikea;
				PRODUCT_NAME = "$(TARGET_NAME)";
				SWIFT_VERSION = 5.0;
				TARGETED_DEVICE_FAMILY = "1,2";
			};
			name = Debug;
		};
		D4343D4A27F5FFBF002619D2 /* Release */ = {
			isa = XCBuildConfiguration;
			buildSettings = {
				ASSETCATALOG_COMPILER_APPICON_NAME = AppIcon;
				ASSETCATALOG_COMPILER_GLOBAL_ACCENT_COLOR_NAME = AccentColor;
				CODE_SIGN_STYLE = Automatic;
				DEVELOPMENT_TEAM = HFBB6GBVXZ;
				INFOPLIST_FILE = Ikea/Info.plist;
				LD_RUNPATH_SEARCH_PATHS = (
					"$(inherited)",
					"@executable_path/Frameworks",
				);
				PRODUCT_BUNDLE_IDENTIFIER = Time.Ikea;
				PRODUCT_NAME = "$(TARGET_NAME)";
				SWIFT_VERSION = 5.0;
				TARGETED_DEVICE_FAMILY = "1,2";
			};
			name = Release;
		};
/* End XCBuildConfiguration section */

/* Begin XCConfigurationList section */
		D4343D2F27F5FFB1002619D2 /* Build configuration list for PBXProject "Ikea" */ = {
			isa = XCConfigurationList;
			buildConfigurations = (
				D4343D4627F5FFBF002619D2 /* Debug */,
				D4343D4727F5FFBF002619D2 /* Release */,
			);
			defaultConfigurationIsVisible = 0;
			defaultConfigurationName = Release;
		};
		D4343D4827F5FFBF002619D2 /* Build configuration list for PBXNativeTarget "Ikea" */ = {
			isa = XCConfigurationList;
			buildConfigurations = (
				D4343D4927F5FFBF002619D2 /* Debug */,
				D4343D4A27F5FFBF002619D2 /* Release */,
			);
			defaultConfigurationIsVisible = 0;
			defaultConfigurationName = Release;
		};
/* End XCConfigurationList section */
	};
	rootObject = D4343D2C27F5FFB1002619D2 /* Project object */;
}
